PODS:
  - GoogleMaps (2.1.0):
    - GoogleMaps/Maps (= 2.1.0)
  - GoogleMaps/Base (2.1.0)
  - GoogleMaps/Maps (2.1.0):
    - GoogleMaps/Base (= 2.1.0)
  - GooglePlaces (2.1.0):
    - GoogleMaps/Base (= 2.1.0)

DEPENDENCIES:
  - GoogleMaps (~> 2.1)
  - GooglePlaces (~> 2.1)

SPEC CHECKSUMS:
  GoogleMaps: 06589b9a38097bce0cd6e90f0fd9b5e4b4a9344c
  GooglePlaces: 16e96266483b8010e9f275399403647978523c86

PODFILE CHECKSUM: 75f818026a040d961c0dcd0b6ca07a1d42b07e42

COCOAPODS: 1.0.1
